
Microsoft Visual Studio Solution File, Format Version 12.00
# Visual Studio Version 17
VisualStudioVersion = 17.10.35013.160
MinimumVisualStudioVersion = 10.0.40219.1
Project("{FAE04EC0-301F-11D3-BF4B-00C04F79EFBC}") = "VoxProject.Server", "VoxProject.Server\VoxProject.Server.csproj", "{4178170B-4D79-454E-8E06-992F1B4E98D9}"
EndProject
Project("{54A90642-561A-4BB1-A94E-469ADEE60C69}") = "voxproject.client", "voxproject.client\voxproject.client.esproj", "{5F091C57-8D18-4A4B-9EE8-4AC6F8C33CA5}"
EndProject
Project("{FAE04EC0-301F-11D3-BF4B-00C04F79EFBC}") = "Data", "Data\Data.csproj", "{3A9C21DC-FD1D-4EDF-BD8D-338477B65472}"
EndProject
Project("{FAE04EC0-301F-11D3-BF4B-00C04F79EFBC}") = "Service", "Service\Service.csproj", "{E05EF792-54F7-4E3B-BB5B-E68C90AEE3DA}"
EndProject
Project("{FAE04EC0-301F-11D3-BF4B-00C04F79EFBC}") = "Repository", "Repository\Repository.csproj", "{099BD177-1CF3-4FA3-9634-F94B7563C8C8}"
EndProject
Global
	GlobalSection(SolutionConfigurationPlatforms) = preSolution
		Debug|Any CPU = Debug|Any CPU
		Release|Any CPU = Release|Any CPU
	EndGlobalSection
	GlobalSection(ProjectConfigurationPlatforms) = postSolution
		{4178170B-4D79-454E-8E06-992F1B4E98D9}.Debug|Any CPU.ActiveCfg = Debug|Any CPU
		{4178170B-4D79-454E-8E06-992F1B4E98D9}.Debug|Any CPU.Build.0 = Debug|Any CPU
		{4178170B-4D79-454E-8E06-992F1B4E98D9}.Release|Any CPU.ActiveCfg = Release|Any CPU
		{4178170B-4D79-454E-8E06-992F1B4E98D9}.Release|Any CPU.Build.0 = Release|Any CPU
		{5F091C57-8D18-4A4B-9EE8-4AC6F8C33CA5}.Debug|Any CPU.ActiveCfg = Debug|Any CPU
		{5F091C57-8D18-4A4B-9EE8-4AC6F8C33CA5}.Debug|Any CPU.Build.0 = Debug|Any CPU
		{5F091C57-8D18-4A4B-9EE8-4AC6F8C33CA5}.Debug|Any CPU.Deploy.0 = Debug|Any CPU
		{5F091C57-8D18-4A4B-9EE8-4AC6F8C33CA5}.Release|Any CPU.ActiveCfg = Release|Any CPU
		{5F091C57-8D18-4A4B-9EE8-4AC6F8C33CA5}.Release|Any CPU.Build.0 = Release|Any CPU
		{5F091C57-8D18-4A4B-9EE8-4AC6F8C33CA5}.Release|Any CPU.Deploy.0 = Release|Any CPU
		{3A9C21DC-FD1D-4EDF-BD8D-338477B65472}.Debug|Any CPU.ActiveCfg = Debug|Any CPU
		{3A9C21DC-FD1D-4EDF-BD8D-338477B65472}.Debug|Any CPU.Build.0 = Debug|Any CPU
		{3A9C21DC-FD1D-4EDF-BD8D-338477B65472}.Release|Any CPU.ActiveCfg = Release|Any CPU
		{3A9C21DC-FD1D-4EDF-BD8D-338477B65472}.Release|Any CPU.Build.0 = Release|Any CPU
		{E05EF792-54F7-4E3B-BB5B-E68C90AEE3DA}.Debug|Any CPU.ActiveCfg = Debug|Any CPU
		{E05EF792-54F7-4E3B-BB5B-E68C90AEE3DA}.Debug|Any CPU.Build.0 = Debug|Any CPU
		{E05EF792-54F7-4E3B-BB5B-E68C90AEE3DA}.Release|Any CPU.ActiveCfg = Release|Any CPU
		{E05EF792-54F7-4E3B-BB5B-E68C90AEE3DA}.Release|Any CPU.Build.0 = Release|Any CPU
		{099BD177-1CF3-4FA3-9634-F94B7563C8C8}.Debug|Any CPU.ActiveCfg = Debug|Any CPU
		{099BD177-1CF3-4FA3-9634-F94B7563C8C8}.Debug|Any CPU.Build.0 = Debug|Any CPU
		{099BD177-1CF3-4FA3-9634-F94B7563C8C8}.Release|Any CPU.ActiveCfg = Release|Any CPU
		{099BD177-1CF3-4FA3-9634-F94B7563C8C8}.Release|Any CPU.Build.0 = Release|Any CPU
	EndGlobalSection
	GlobalSection(SolutionProperties) = preSolution
		HideSolutionNode = FALSE
	EndGlobalSection
	GlobalSection(ExtensibilityGlobals) = postSolution
		SolutionGuid = {F5569295-F89A-425A-8406-E2DE42357286}
	EndGlobalSection
EndGlobal
